4d63.com/gochecknoinits v0.0.0-20210416043744-25bb07f6e4e3 h1:dA+MoC4Kt+VGJ4ZAlMLweBi1JAcYvlXwKlpJkjmC64k=
4d63.com/gochecknoinits v0.0.0-20210416043744-25bb07f6e4e3/go.mod h1:4o1i5aXtIF5tJFt3UD1knCVmWOXg7fLYdHVu6jeNcnM=
dario.cat/mergo v1.0.0 h1:AGCNq9Evsj31mOgNPcLyXc+4PNABt905YmuqPYYpBWk=
dario.cat/mergo v1.0.0/go.mod h1:uNxQE+84aUszobStD9th8a29P2fMDhsBdgRYvZOxGmk=
fillmore-labs.com/zerolint v0.0.15 h1:gY2i1zG5e8EfuYF+Xq+FqvkcLTBStYWlfTG46jBKAok=
fillmore-labs.com/zerolint v0.0.15/go.mod h1:F9+IIp48YlofJE5juuIiB5KBu2oiCZzE5KdWre//KFw=
github.com/BurntSushi/toml v1.4.1-0.20240526193622-a339e1f7089c h1:pxW6RcqyfI9/kWtOwnv/G+AzdKuy2ZrqINhenH4HyNs=
github.com/BurntSushi/toml v1.4.1-0.20240526193622-a339e1f7089c/go.mod h1:ukJfTF/6rtPPRCnwkur4qwRxa8vTRFBF0uk2lLoLwho=
github.com/KimMachineGun/automemlimit v0.7.5 h1:RkbaC0MwhjL1ZuBKunGDjE/ggwAX43DwZrJqVwyveTk=
github.com/KimMachineGun/automemlimit v0.7.5/go.mod h1:QZxpHaGOQoYvFhv/r4u3U0JTC2ZcOwbSr11UZF46UBM=
github.com/Microsoft/go-winio v0.5.2/go.mod h1:WpS1mjBmmwHBEWmogvA2mj8546UReBk4v8QkMxJ6pZY=
github.com/Microsoft/go-winio v0.6.2 h1:F2VQgta7ecxGYO8k3ZZz3RS8fVIXVxONVUPlNERoyfY=
github.com/Microsoft/go-winio v0.6.2/go.mod h1:yd8OoFMLzJbo9gZq8j5qaps8bJ9aShtEA8Ipt1oGCvU=
github.com/ProtonMail/go-crypto v1.1.6 h1:ZcV+Ropw6Qn0AX9brlQLAUXfqLBc7Bl+f/DmNxpLfdw=
github.com/ProtonMail/go-crypto v1.1.6/go.mod h1:rA3QumHc/FZ8pAHreoekgiAbzpNsfQAosU5td4SnOrE=
github.com/alexkohler/dogsled v0.0.0-20240329141207-62bc1f6ce2d0 h1:5ztCE6sZbygKfeNTcxt0XzIqY1j6+eSWJEhOIpW0DBc=
github.com/alexkohler/dogsled v0.0.0-20240329141207-62bc1f6ce2d0/go.mod h1:JKZcwNsCuXMHGReMjwEWL8XLJjcgLm7dtLcBZMEZlDo=
github.com/alexkohler/nakedret/v2 v2.0.5 h1:fP5qLgtwbx9EJE8dGEERT02YwS8En4r9nnZ71RK+EVU=
github.com/alexkohler/nakedret/v2 v2.0.5/go.mod h1:bF5i0zF2Wo2o4X4USt9ntUWve6JbFv02Ff4vlkmS/VU=
github.com/alexkohler/prealloc v1.0.3 h1:dwwG44HiJXNj7/8RJalgdJ5fl+xRNZ5EfOewo4dZwdU=
github.com/alexkohler/prealloc v1.0.3/go.mod h1:fT39Jge3bQrfA7nPMDngUfvUbQGQeJyGQnR+913SCig=
github.com/alexkohler/unimport v0.0.0-20171106223308-e6f2b2e2d406 h1:5qYQDJAjMgBsrql8MGR7d+XNx/r4zH0PWaTq04k9TIA=
github.com/alexkohler/unimport v0.0.0-20171106223308-e6f2b2e2d406/go.mod h1:9v7wjGisFAq6j5hd8fuwm9ZHfiYtlkJSM+3EdDTrVfs=
github.com/anmitsu/go-shlex v0.0.0-20200514113438-38f4b401e2be h1:9AeTilPcZAjCFIImctFaOjnTIavg87rW78vTPkQqLI8=
github.com/anmitsu/go-shlex v0.0.0-20200514113438-38f4b401e2be/go.mod h1:ySMOLuWl6zY27l47sB3qLNK6tF2fkHG55UZxx8oIVo4=
github.com/armon/go-socks5 v0.0.0-20160902184237-e75332964ef5 h1:0CwZNZbxp69SHPdPJAN/hZIm0C4OItdklCFmMRWYpio=
github.com/armon/go-socks5 v0.0.0-20160902184237-e75332964ef5/go.mod h1:wHh0iHkYZB8zMSxRWpUBQtwG5a7fFgvEO+odwuTv2gs=
github.com/bmatcuk/doublestar/v4 v4.10.0 h1:zU9WiOla1YA122oLM6i4EXvGW62DvKZVxIe6TYWexEs=
github.com/bmatcuk/doublestar/v4 v4.10.0/go.mod h1:xBQ8jztBU6kakFMg+8WGxn0c6z1fTSPVIjEY1Wr7jzc=
github.com/butuzov/ireturn v0.4.1 h1:vWb3NO4t77iku/sjCQ/2pHTQeOmxEhjIriJqRLg1Y+I=
github.com/butuzov/ireturn v0.4.1/go.mod h1:q+DXKzTDV5guNuXLnIab9fKXizTn2miZHLhxH7V/GB4=
github.com/catenacyber/perfsprint v0.10.1 h1:u7Riei30bk46XsG8nknMhKLXG9BcXz3+3tl/WpKm0PQ=
github.com/catenacyber/perfsprint v0.10.1/go.mod h1:DJTGsi/Zufpuus6XPGJyKOTMELe347o6akPvWG9Zcsc=
github.com/clipperhouse/uax29/v2 v2.7.0 h1:+gs4oBZ2gPfVrKPthwbMzWZDaAFPGYK72F0NJv2v7Vk=
github.com/clipperhouse/uax29/v2 v2.7.0/go.mod h1:EFJ2TJMRUaplDxHKj1qAEhCtQPW2tJSwu5BF98AuoVM=
github.com/cloudflare/circl v1.6.3 h1:9GPOhQGF9MCYUeXyMYlqTR6a5gTrgR/fBLXvUgtVcg8=
github.com/cloudflare/circl v1.6.3/go.mod h1:2eXP6Qfat4O/Yhh8BznvKnJ+uzEoTQ6jVKJRn81BiS4=
github.com/cristalhq/acmd v0.12.0 h1:RdlKnxjN+txbQosg8p/TRNZ+J1Rdne43MVQZ1zDhGWk=
github.com/cristalhq/acmd v0.12.0/go.mod h1:LG5oa43pE/BbxtfMoImHCQN++0Su7dzipdgBjMCBVDQ=
github.com/cyphar/filepath-securejoin v0.6.1 h1:5CeZ1jPXEiYt3+Z6zqprSAgSWiggmpVyciv8syjIpVE=
github.com/cyphar/filepath-securejoin v0.6.1/go.mod h1:A8hd4EnAeyujCJRrICiOWqjS1AX0a9kM5XL+NwKoYSc=
github.com/davecgh/go-spew v1.1.0/go.mod h1:J7Y8YcW2NihsgmVo/mv3lAwl/skON4iLHjSsI+c5H38=
github.com/davecgh/go-spew v1.1.1/go.mod h1:J7Y8YcW2NihsgmVo/mv3lAwl/skON4iLHjSsI+c5H38=
github.com/davecgh/go-spew v1.1.2-0.20180830191138-d8f796af33cc h1:U9qPSI2PIWSS1VwoXQT9A3Wy9MM3WgvqSxFWenqJduM=
github.com/davecgh/go-spew v1.1.2-0.20180830191138-d8f796af33cc/go.mod h1:J7Y8YcW2NihsgmVo/mv3lAwl/skON4iLHjSsI+c5H38=
github.com/dkorunic/betteralign v0.15.0 h1:K75lv+f3bY5Sk1MdFc9inG6LCqbIVFKzGGHAfzQQ9ug=
github.com/dkorunic/betteralign v0.15.0/go.mod h1:dCl2+cEA6SN07/+glDS/u+QjI2iqPqyeu2NKAFyFkoc=
github.com/elazarl/goproxy v1.7.2 h1:Y2o6urb7Eule09PjlhQRGNsqRfPmYI3KKQLFpCAV3+o=
github.com/elazarl/goproxy v1.7.2/go.mod h1:82vkLNir0ALaW14Rc399OTTjyNREgmdL2cVoIbS6XaE=
github.com/emirpasic/gods v1.18.1 h1:FXtiHYKDGKCW2KzwZKx0iC0PQmdlorYgdFG9jPXJ1Bc=
github.com/emirpasic/gods v1.18.1/go.mod h1:8tpGGwCnJ5H4r6BWwaV6OrWmMoPhUl5jm/FMNAnJvWQ=
github.com/fatih/color v1.19.0 h1:Zp3PiM21/9Ld6FzSKyL5c/BULoe/ONr9KlbYVOfG8+w=
github.com/fatih/color v1.19.0/go.mod h1:zNk67I0ZUT1bEGsSGyCZYZNrHuTkJJB+r6Q9VuMi0LE=
github.com/frankban/quicktest v1.14.6 h1:7Xjx+VpznH+oBnejlPUj8oUpdxnVs4f8XU8WnHkI4W8=
github.com/frankban/quicktest v1.14.6/go.mod h1:4ptaffx2x8+WTWXmUCuVU6aPUX1/Mz7zb5vbUoiM6w0=
github.com/fsnotify/fsnotify v1.7.0 h1:8JEhPFa5W2WU7YfeZzPNqzMP6Lwt7L2715Ggo0nosvA=
github.com/fsnotify/fsnotify v1.7.0/go.mod h1:40Bi/Hjc2AVfZrqy+aj+yEI+/bRxZnMJyTJwOpGvigM=
github.com/gliderlabs/ssh v0.3.8 h1:a4YXD1V7xMF9g5nTkdfnja3Sxy1PVDCj1Zg4Wb8vY6c=
github.com/gliderlabs/ssh v0.3.8/go.mod h1:xYoytBv1sV0aL3CavoDuJIQNURXkkfPA/wxQ1pL1fAU=
github.com/go-critic/go-critic v0.15.0 h1:MDUZIQKytIl+vPEc0Igw51m4uLTdi1ZGz2jatEqNs1g=
github.com/go-critic/go-critic v0.15.0/go.mod h1:3BPrw8nHATGm3o2n37cssOmJzpySGKCdY8JWkCzxgKQ=
github.com/go-git/gcfg v1.5.1-0.20230307220236-3a3c6141e376 h1:+zs/tPmkDkHx3U66DAb0lQFJrpS6731Oaa12ikc+DiI=
github.com/go-git/gcfg v1.5.1-0.20230307220236-3a3c6141e376/go.mod h1:an3vInlBmSxCcxctByoQdvwPiA7DTK7jaaFDBTtu0ic=
github.com/go-git/go-billy/v5 v5.9.0 h1:jItGXszUDRtR/AlferWPTMN4j38BQ88XnXKbilmmBPA=
github.com/go-git/go-billy/v5 v5.9.0/go.mod h1:jCnQMLj9eUgGU7+ludSTYoZL/GGmii14RxKFj7ROgHw=
github.com/go-git/go-git-fixtures/v4 v4.3.2-0.20231010084843-55a94097c399 h1:eMje31YglSBqCdIqdhKBW8lokaMrL3uTkpGYlE2OOT4=
github.com/go-git/go-git-fixtures/v4 v4.3.2-0.20231010084843-55a94097c399/go.mod h1:1OCfN199q1Jm3HZlxleg+Dw/mwps2Wbk9frAWm+4FII=
github.com/go-git/go-git/v5 v5.19.2 h1:wkfn7vOlUBu8ivAWKBWisTiwJK4jYHzTF8Ndv1LyGqY=
github.com/go-git/go-git/v5 v5.19.2/go.mod h1:QqCBE1EFN5ddFmrliLQ3/ntRCUjZU3EJuwuB/jWEHjk=
github.com/go-toolsmith/astcast v1.1.0 h1:+JN9xZV1A+Re+95pgnMgDboWNVnIMMQXwfBwLRPgSC8=
github.com/go-toolsmith/astcast v1.1.0/go.mod h1:qdcuFWeGGS2xX5bLM/c3U9lewg7+Zu4mr+xPwZIB4ZU=
github.com/go-toolsmith/astcopy v1.1.0 h1:YGwBN0WM+ekI/6SS6+52zLDEf8Yvp3n2seZITCUBt5s=
github.com/go-toolsmith/astcopy v1.1.0/go.mod h1:hXM6gan18VA1T/daUEHCFcYiW8Ai1tIwIzHY6srfEAw=
github.com/go-toolsmith/astequal v1.0.3/go.mod h1:9Ai4UglvtR+4up+bAD4+hCj7iTo4m/OXVTSLnCyTAx4=
github.com/go-toolsmith/astequal v1.1.0/go.mod h1:sedf7VIdCL22LD8qIvv7Nn9MuWJruQA/ysswh64lffQ=
github.com/go-toolsmith/astequal v1.2.0 h1:3Fs3CYZ1k9Vo4FzFhwwewC3CHISHDnVUPC4x0bI2+Cw=
github.com/go-toolsmith/astequal v1.2.0/go.mod h1:c8NZ3+kSFtFY/8lPso4v8LuJjdJiUFVnSuU3s0qrrDY=
github.com/go-toolsmith/astfmt v1.1.0 h1:iJVPDPp6/7AaeLJEruMsBUlOYCmvg0MoCfJprsOmcco=
github.com/go-toolsmith/astfmt v1.1.0/go.mod h1:OrcLlRwu0CuiIBp/8b5PYF9ktGVZUjlNMV634mhwuQ4=
github.com/go-toolsmith/astp v1.1.0 h1:dXPuCl6u2llURjdPLLDxJeZInAeZ0/eZwFJmqZMnpQA=
github.com/go-toolsmith/astp v1.1.0/go.mod h1:0T1xFGz9hicKs8Z5MfAqSUitoUYS30pDMsRVIDHs8CA=
github.com/go-toolsmith/pkgload v1.2.2 h1:0CtmHq/02QhxcF7E9N5LIFcYFsMR5rdovfqTtRKkgIk=
github.com/go-toolsmith/pkgload v1.2.2/go.mod h1:R2hxLNRKuAsiXCo2i5J6ZQPhnPMOVtU+f0arbFPWCus=
github.com/go-toolsmith/strparse v1.0.0/go.mod h1:YI2nUKP9YGZnL/L1/DLFBfixrcjslWct4wyljWhSRy8=
github.com/go-toolsmith/strparse v1.1.0 h1:GAioeZUK9TGxnLS+qfdqNbA4z0SSm5zVNtCQiyP2Bvw=
github.com/go-toolsmith/strparse v1.1.0/go.mod h1:7ksGy58fsaQkGQlY8WVoBFNyEPMGuJin1rfoPS4lBSQ=
github.com/go-toolsmith/typep v1.1.0 h1:fIRYDyF+JywLfqzyhdiHzRop/GQDxxNhLGQ6gFUNHus=
github.com/go-toolsmith/typep v1.1.0/go.mod h1:fVIw+7zjdsMxDA3ITWnH1yOiw1rnTQKCsF/sk2H/qig=
github.com/gobwas/glob v0.2.3 h1:A4xDbljILXROh+kObIiy5kIaPYD8e96x1tgBhUI5J+Y=
github.com/gobwas/glob v0.2.3/go.mod h1:d3Ez4x06l9bZtSvzIay5+Yzi0fmZzPgnTbPcKjJAkT8=
github.com/golang/groupcache v0.0.0-20241129210726-2c02b8208cf8 h1:f+oWsMOmNPc8JmEHVZIycC7hBoQxHH9pNKQORJNozsQ=
github.com/golang/groupcache v0.0.0-20241129210726-2c02b8208cf8/go.mod h1:wcDNUvekVysuuOpQKo3191zZyTpiI6se1N1ULghS0sw=
github.com/google/capslock v0.3.2 h1:0ZQa9YR8s9ewFu1g5w6Rgd/lW/4dga7qJew3K6Ql7aM=
github.com/google/capslock v0.3.2/go.mod h1:dDCLHjNLY0m1zzi8+sxcxpwxcVicWMB0Ez9shA2mMEc=
github.com/google/go-cmdtest v0.4.1-0.20220921163831-55ab3332a786 h1:rcv+Ippz6RAtvaGgKxc+8FQIpxHgsF+HBzPyYL2cyVU=
github.com/google/go-cmdtest v0.4.1-0.20220921163831-55ab3332a786/go.mod h1:apVn/GCasLZUVpAJ6oWAuyP7Ne7CEsQbTnc0plM3m+o=
github.com/google/go-cmp v0.5.8/go.mod h1:17dUlkBOakJ0+DkrSSNjCkIjxS6bF9zb3elmeNGIjoY=
github.com/google/go-cmp v0.7.0 h1:wk8382ETsv4JYUZwIsn6YpYiWiBsYLSJiTsyBybVuN8=
github.com/google/go-cmp v0.7.0/go.mod h1:pXiqmnSA92OHEEa9HXL2W4E7lf9JzCmGVUdgjX3N/iU=
github.com/google/renameio v0.1.0 h1:GOZbcHa3HfsPKPlmyPyN2KEohoMXOhdMbHrvbpl2QaA=
github.com/google/renameio v0.1.0/go.mod h1:KWCgfxg9yswjAJkECMjeO8J8rahYeXnNhOm40UhjYkI=
github.com/google/renameio/v2 v2.0.2 h1:qKZs+tfn+arruZZhQ7TKC/ergJunuJicWS6gLDt/dGw=
github.com/google/renameio/v2 v2.0.2/go.mod h1:OX+G6WHHpHq3NVj7cAOleLOwJfcQ1s3uUJQCrr78SWo=
github.com/gordonklaus/ineffassign v0.2.0 h1:Uths4KnmwxNJNzq87fwQQDDnbNb7De00VOk9Nu0TySs=
github.com/gordonklaus/ineffassign v0.2.0/go.mod h1:TIpymnagPSexySzs7F9FnO1XFTy8IT3a59vmZp5Y9Lw=
github.com/hashicorp/hcl v1.0.0 h1:0Anlzjpi4vEasTeNFn2mLJgTSwt0+6sfsiTG8qcWGx4=
github.com/hashicorp/hcl v1.0.0/go.mod h1:E5yfLk+7swimpb2L/Alb/PJmXilQ/rhwaUYs4T20WEQ=
github.com/jbenet/go-context v0.0.0-20150711004518-d14ea06fba99 h1:BQSFePA1RWJOlocH6Fxy8MmwDt+yVQYULKfN0RoTN8A=
github.com/jbenet/go-context v0.0.0-20150711004518-d14ea06fba99/go.mod h1:1lJo3i6rXxKeerYnT8Nvf0QmHCRC1n8sfWVwXF2Frvo=
github.com/jgautheron/goconst v1.10.0 h1:Ptt+OoE4NaEWKhLrWrrN3IpZdGLiqaf7WLnEX/iv4Jw=
github.com/jgautheron/goconst v1.10.0/go.mod h1:0p+wv1lFOiUr0IlNNT1nrm6+8DB8u2sU6KHGzFRXHDc=
github.com/kevinburke/ssh_config v1.2.0 h1:x584FjTGwHzMwvHx18PXxbBVzfnxogHaAReU4gf13a4=
github.com/kevinburke/ssh_config v1.2.0/go.mod h1:CT57kijsi8u/K/BOFA39wgDQJ9CxiF4nAY/ojJ6r6mM=
github.com/kisielk/errcheck v1.20.0 h1:9rwHBNKzd4wkDWcROy3DvFGNqEPlkxBg305rvk7HabI=
github.com/kisielk/errcheck v1.20.0/go.mod h1:O+f80MKNwX8Oor2jwgpeQ9An7uJm+hRSgT+h22knRJU=
github.com/klauspost/cpuid/v2 v2.3.0 h1:S4CRMLnYUhGeDFDqkGriYKdfoFlDnMtqTiI/sFzhA9Y=
github.com/klauspost/cpuid/v2 v2.3.0/go.mod h1:hqwkgyIinND0mEev00jJYCxPNVRVXFQeu1XKlok6oO0=
github.com/kr/pretty v0.1.0/go.mod h1:dAy3ld7l9f0ibDNOQOHHMYYIIbhfbHSm3C4ZsoJORNo=
github.com/kr/pretty v0.3.1 h1:flRD4NNwYAUpkphVc1HcthR4KEIFJ65n8Mw5qdRn3LE=
github.com/kr/pretty v0.3.1/go.mod h1:hoEshYVHaxMs3cyo3Yncou5ZscifuDolrwPKZanG3xk=
github.com/kr/pty v1.1.1/go.mod h1:pFQYn66WHrOpPYNljwOMqo10TkYh1fy3cYio2l3bCsQ=
github.com/kr/text v0.1.0/go.mod h1:4Jbv+DJW3UT/LiOwJeYQe1efqtUx/iVham/4vfdArNI=
github.com/kr/text v0.2.0 h1:5Nx0Ya0ZqY2ygV366QzturHI13Jq95ApcVaJBhpS+AY=
github.com/kr/text v0.2.0/go.mod h1:eLer722TekiGuMkidMxC/pM04lWEeraHUUmBw8l2grE=
github.com/kunwardeep/paralleltest v1.0.15 h1:ZMk4Qt306tHIgKISHWFJAO1IDQJLc6uDyJMLyncOb6w=
github.com/kunwardeep/paralleltest v1.0.15/go.mod h1:di4moFqtfz3ToSKxhNjhOZL+696QtJGCFe132CbBLGk=
github.com/liamg/memoryfs v1.6.0 h1:jAFec2HI1PgMTem5gR7UT8zi9u4BfG5jorCRlLH06W8=
github.com/liamg/memoryfs v1.6.0/go.mod h1:z7mfqXFQS8eSeBBsFjYLlxYRMRyiPktytvYCYTb3BSk=
github.com/magiconair/properties v1.8.7 h1:IeQXZAiQcpL9mgcAe1Nu6cX9LLw6ExEHKjN0VQdvPDY=
github.com/magiconair/properties v1.8.7/go.mod h1:Dhd985XPs7jluiymwWYZ0G4Z61jb3vdS329zhj2hYo0=
github.com/mattn/go-colorable v0.1.14 h1:9A9LHSqF/7dyVVX6g0U9cwm9pG3kP9gSzcuIPHPsaIE=
github.com/mattn/go-colorable v0.1.14/go.mod h1:6LmQG8QLFO4G5z1gPvYEzlUgJ2wF+stgPZH1UqBm1s8=
github.com/mattn/go-isatty v0.0.20 h1:xfD0iDuEKnDkl03q4limB+vH+GxLEtL/jb4xVJSWWEY=
github.com/mattn/go-isatty v0.0.20/go.mod h1:W+V8PltTTMOvKvAeJH7IuucS94S2C6jfK/D7dTCTo3Y=
github.com/mattn/go-runewidth v0.0.21 h1:jJKAZiQH+2mIinzCJIaIG9Be1+0NR+5sz/lYEEjdM8w=
github.com/mattn/go-runewidth v0.0.21/go.mod h1:XBkDxAl56ILZc9knddidhrOlY5R/pDhgLpndooCuJAs=
github.com/mattn/go-shellwords v1.0.12 h1:M2zGm7EW6UQJvDeQxo4T51eKPurbeFbe8WtebGE2xrk=
github.com/mattn/go-shellwords v1.0.12/go.mod h1:EZzvwXDESEeg03EKmM+RmDnNOPKG4lLtQsUlTZDWQ8Y=
github.com/mdempsky/unconvert v0.0.0-20241127004111-db6ad295e1ce h1:LyNUhz6j2oP3kIr9cAayverPUfsz6BkaPouM4EzI44Q=
github.com/mdempsky/unconvert v0.0.0-20241127004111-db6ad295e1ce/go.mod h1:DuAZxNOBRkxMjbchCclLZxb/18Qb46cU26hBsomVuow=
github.com/mitchellh/mapstructure v1.5.0 h1:jeMsZIYE/09sWLaz43PL7Gy6RuMjD2eJVyuac5Z2hdY=
github.com/mitchellh/mapstructure v1.5.0/go.mod h1:bFUtVrKA4DC2yAKiSyO/QUcy7e+RRV2QTWOzhPopBRo=
github.com/nishanths/exhaustive v0.13.0 h1:Rof0axOSNQaaPaPmLK5RxcRrJV2Vcv+vfUmuRy+2EAM=
github.com/nishanths/exhaustive v0.13.0/go.mod h1:3/adQjJgvD/UFHHSYBjpK9Wbz8DOvf0FBtzx+zI0Rlo=
github.com/onsi/gomega v1.34.1 h1:EUMJIKUjM8sKjYbtxQI9A4z2o+rruxnzNvpknOXie6k=
github.com/onsi/gomega v1.34.1/go.mod h1:kU1QgUvBDLXBJq618Xvm2LUX6rSAfRaFRTcdOeDLwwY=
github.com/pbnjay/memory v0.0.0-20210728143218-7b4eea64cf58 h1:onHthvaw9LFnH4t2DcNVpwGmV9E1BkGknEliJkfwQj0=
github.com/pbnjay/memory v0.0.0-20210728143218-7b4eea64cf58/go.mod h1:DXv8WO4yhMYhSNPKjeNKa5WY9YCIEBRbNzFFPJbWO6Y=
github.com/pelletier/go-toml/v2 v2.1.1 h1:LWAJwfNvjQZCFIDKWYQaM62NcYeYViCmWIwmOStowAI=
github.com/pelletier/go-toml/v2 v2.1.1/go.mod h1:tJU2Z3ZkXwnxa4DPO899bsyIoywizdUvyaeZurnPPDc=
github.com/pjbgf/sha1cd v0.6.0 h1:3WJ8Wz8gvDz29quX1OcEmkAlUg9diU4GxJHqs0/XiwU=
github.com/pjbgf/sha1cd v0.6.0/go.mod h1:lhpGlyHLpQZoxMv8HcgXvZEhcGs0PG/vsZnEJ7H0iCM=
github.com/pkg/errors v0.9.1 h1:FEBLx1zS214owpjy7qsBeixbURkuhQAwrK5UwLGTwt4=
github.com/pkg/errors v0.9.1/go.mod h1:bwawxfHBFNV+L2hUp1rHADufV3IMtnDRdf1r5NINEl0=
github.com/pmezard/go-difflib v1.0.0/go.mod h1:iKH77koFhYxTK1pcRnkKkqfTogsbg7gZNVY4sRDYZ/4=
github.com/pmezard/go-difflib v1.0.1-0.20181226105442-5d4384ee4fb2 h1:Jamvg5psRIccs7FGNTlIRMkT8wgtp5eCXdBlqhYGL6U=
github.com/pmezard/go-difflib v1.0.1-0.20181226105442-5d4384ee4fb2/go.mod h1:iKH77koFhYxTK1pcRnkKkqfTogsbg7gZNVY4sRDYZ/4=
github.com/polyfloyd/go-errorlint v1.7.1 h1:RyLVXIbosq1gBdk/pChWA8zWYLsq9UEw7a1L5TVMCnA=
github.com/polyfloyd/go-errorlint v1.7.1/go.mod h1:aXjNb1x2TNhoLsk26iv1yl7a+zTnXPhwEMtEXukiLR8=
github.com/quasilyte/go-ruleguard v0.4.5 h1:AGY0tiOT5hJX9BTdx/xBdoCubQUAE2grkqY2lSwvZcA=
github.com/quasilyte/go-ruleguard v0.4.5/go.mod h1:Vl05zJ538vcEEwu16V/Hdu7IYZWyKSwIy4c88Ro1kRE=
github.com/quasilyte/gogrep v0.5.0 h1:eTKODPXbI8ffJMN+W2aE0+oL0z/nh8/5eNdiO34SOAo=
github.com/quasilyte/gogrep v0.5.0/go.mod h1:Cm9lpz9NZjEoL1tgZ2OgeUKPIxL1meE7eo60Z6Sk+Ng=
github.com/quasilyte/regex/syntax v0.0.0-20210819130434-b3f0c404a727 h1:TCg2WBOl980XxGFEZSS6KlBGIV0diGdySzxATTWoqaU=
github.com/quasilyte/regex/syntax v0.0.0-20210819130434-b3f0c404a727/go.mod h1:rlzQ04UMyJXu/aOvhd8qT+hvDrFpiwqp8MRXDY9szc0=
github.com/quasilyte/stdinfo v0.0.0-20220114132959-f7386bf02567 h1:M8mH9eK4OUR4lu7Gd+PU1fV2/qnDNfzT635KRSObncs=
github.com/quasilyte/stdinfo v0.0.0-20220114132959-f7386bf02567/go.mod h1:DWNGW8A4Y+GyBgPuaQJuWiy0XYftx4Xm/y5Jqk9I6VQ=
github.com/rhysd/actionlint v1.7.12 h1:vQ4GeJN86C0QH+gTUQcs8McmK62OLT3kmakPMtEWYnY=
github.com/rhysd/actionlint v1.7.12/go.mod h1:krOUhujIsJusovkaYzQ/VNH8PFexjNKqU0q5XI/4w+g=
github.com/robfig/cron/v3 v3.0.1 h1:WdRxkvbJztn8LMz/QEvLN5sBU+xKpSqwwUO1Pjr4qDs=
github.com/robfig/cron/v3 v3.0.1/go.mod h1:eQICP3HwyT7UooqI/z+Ov+PtYAWygg1TEWWzGIFLtro=
github.com/rogpeppe/go-internal v1.16.0 h1:O9DK+vNMDVGLr2BeZqmpLeMjiMNkuXfcqntWbZV6S5g=
github.com/rogpeppe/go-internal v1.16.0/go.mod h1:DrUVZyrJU+txYW5/1kwtXQSMFio52ZOxX7yM1VHvnxs=
github.com/sagikazarmark/locafero v0.4.0 h1:HApY1R9zGo4DBgr7dqsTH/JJxLTTsOt7u6keLGt6kNQ=
github.com/sagikazarmark/locafero v0.4.0/go.mod h1:Pe1W6UlPYUk/+wc/6KFhbORCfqzgYEpgQ3O5fPuL3H4=
github.com/sagikazarmark/slog-shim v0.1.0 h1:diDBnUNK9N/354PgrxMywXnAwEr1QZcOr6gto+ugjYE=
github.com/sagikazarmark/slog-shim v0.1.0/go.mod h1:SrcSrq8aKtyuqEI1uvTDTK1arOWRIczQRv+GVI1AkeQ=
github.com/sergi/go-diff v1.3.2-0.20230802210424-5b0b94c5c0d3 h1:n661drycOFuPLCN3Uc8sB6B/s6Z4t2xvBgU1htSHuq8=
github.com/sergi/go-diff v1.3.2-0.20230802210424-5b0b94c5c0d3/go.mod h1:A0bzQcvG0E7Rwjx0REVgAGH58e96+X0MeOfepqsbeW4=
github.com/sirupsen/logrus v1.7.0/go.mod h1:yWOB1SBYBC5VeMP7gHvWumXLIWorT60ONWic61uBYv0=
github.com/skeema/knownhosts v1.3.1 h1:X2osQ+RAjK76shCbvhHHHVl3ZlgDm8apHEHFqRjnBY8=
github.com/skeema/knownhosts v1.3.1/go.mod h1:r7KTdC8l4uxWRyK2TpQZ/1o5HaSzh06ePQNxPwTcfiY=
github.com/sourcegraph/conc v0.3.0 h1:OQTbbt6P72L20UqAkXXuLOj79LfEanQ+YQFNpLA9ySo=
github.com/sourcegraph/conc v0.3.0/go.mod h1:Sdozi7LEKbFPqYX2/J+iBAM6HpqSLTASQIKqDmF7Mt0=
github.com/spf13/afero v1.11.0 h1:WJQKhtpdm3v2IzqG8VMqrr6Rf3UYpEF239Jy9wNepM8=
github.com/spf13/afero v1.11.0/go.mod h1:GH9Y3pIexgf1MTIWtNGyogA5MwRIDXGUr+hbWNoBjkY=
github.com/spf13/cast v1.6.0 h1:GEiTHELF+vaR5dhz3VqZfFSzZjYbgeKDpBxQVS4GYJ0=
github.com/spf13/cast v1.6.0/go.mod h1:ancEpBxwJDODSW/UG4rDrAqiKolqNNh2DX3mk86cAdo=
github.com/spf13/pflag v1.0.5 h1:iy+VFUOCP1a+8yFto/drg2CJ5u0yRoB7fZw3DKv/JXA=
github.com/spf13/pflag v1.0.5/go.mod h1:McXfInJRrz4CZXVZOBLb0bTZqETkiAhM9Iw0y3An2Bg=
github.com/spf13/viper v1.18.2 h1:LUXCnvUvSM6FXAsj6nnfc8Q2tp1dIgUfY9Kc8GsSOiQ=
github.com/spf13/viper v1.18.2/go.mod h1:EKmWIqdnk5lOcmR72yw6hS+8OPYcwD0jteitLMVB+yk=
github.com/stretchr/objx v0.1.0/go.mod h1:HFkY916IF+rwdDfMAkV7OtwuqBVzrE8GR6GFx+wExME=
github.com/stretchr/objx v0.4.0/go.mod h1:YvHI0jy2hoMjB+UWwv71VJQ9isScKT/TqJzVSSt89Yw=
github.com/stretchr/objx v0.5.0/go.mod h1:Yh+to48EsGEfYuaHDzXPcE3xhTkx73EhmCGUpEOglKo=
github.com/stretchr/testify v1.2.2/go.mod h1:a8OnRcib4nhh0OaRAV+Yts87kKdq0PP7pXfy6kDkUVs=
github.com/stretchr/testify v1.4.0/go.mod h1:j7eGeouHqKxXV5pUuKE4zz7dFj8WfuZ+81PSLYec5m4=
github.com/stretchr/testify v1.7.1/go.mod h1:6Fq8oRcR53rry900zMqJjRRixrwX3KX962/h/Wwjteg=
github.com/stretchr/testify v1.8.0/go.mod h1:yNjHg4UonilssWZ8iaSj1OCr/vHnekPRkoO+kdMU+MU=
github.com/stretchr/testify v1.8.4/go.mod h1:sz/lmYIOXD/1dqDmKjjqLyZ2RngseejIcXlSw2iwfAo=
github.com/stretchr/testify v1.11.1 h1:7s2iGBzp5EwR7/aIZr8ao5+dra3wiQyKjjFuvgVKu7U=
github.com/stretchr/testify v1.11.1/go.mod h1:wZwfW3scLgRK+23gO65QZefKpKQRnfz6sD981Nm4B6U=
github.com/subosito/gotenv v1.6.0 h1:9NlTDc1FTs4qu0DDq7AEtTPNw6SVm7uBMsUCUjABIf8=
github.com/subosito/gotenv v1.6.0/go.mod h1:Dk4QP5c2W3ibzajGcXpNraDfq2IrhjMIvMSWPKKo0FU=
github.com/tetafro/godot v1.5.0 h1:aNwfVI4I3+gdxjMgYPus9eHmoBeJIbnajOyqZYStzuw=
github.com/tetafro/godot v1.5.0/go.mod h1:2oVxTBSftRTh4+MVfUaUXR6bn2GDXCaMcOG4Dk3rfio=
github.com/tomarrell/wrapcheck/v2 v2.12.0 h1:H/qQ1aNWz/eeIhxKAFvkfIA+N7YDvq6TWVFL27Of9is=
github.com/tomarrell/wrapcheck/v2 v2.12.0/go.mod h1:AQhQuZd0p7b6rfW+vUwHm5OMCGgp63moQ9Qr/0BpIWo=
github.com/ultraware/whitespace v0.2.0 h1:TYowo2m9Nfj1baEQBjuHzvMRbp19i+RCcRYrSWoFa+g=
github.com/ultraware/whitespace v0.2.0/go.mod h1:XcP1RLD81eV4BW8UhQlpaR+SDc2givTvyI8a586WjW8=
github.com/xanzy/ssh-agent v0.3.3 h1:+/15pJfg/RsTxqYcX6fHqOXZwwMP+2VyYWJeWM2qQFM=
github.com/xanzy/ssh-agent v0.3.3/go.mod h1:6dzNDKs0J9rVPHPhaGCukekBHKqfl+L3KghI1Bc68Uw=
gitlab.com/bosi/decorder v0.4.2 h1:qbQaV3zgwnBZ4zPMhGLW4KZe7A7NwxEhJx39R3shffo=
gitlab.com/bosi/decorder v0.4.2/go.mod h1:muuhHoaJkA9QLcYHq4Mj8FJUwDZ+EirSHRiaTcTf6T8=
go.uber.org/multierr v1.11.0 h1:blXXJkSxSSfBVBlC76pxqeO+LN3aDfLQo+309xJstO0=
go.uber.org/multierr v1.11.0/go.mod h1:20+QtiLqy0Nd6FdQB9TLXag12DsQkrbs3htMFfDN80Y=
go.yaml.in/yaml/v3 v3.0.4 h1:tfq32ie2Jv2UxXFdLJdh3jXuOzWiL1fo0bu/FbuKpbc=
go.yaml.in/yaml/v3 v3.0.4/go.mod h1:DhzuOOF2ATzADvBadXxruRBLzYTpT36CKvDb3+aBEFg=
go.yaml.in/yaml/v4 v4.0.0-rc.3 h1:3h1fjsh1CTAPjW7q/EMe+C8shx5d8ctzZTrLcs/j8Go=
go.yaml.in/yaml/v4 v4.0.0-rc.3/go.mod h1:aZqd9kCMsGL7AuUv/m/PvWLdg5sjJsZ4oHDEnfPPfY0=
golang.org/x/crypto v0.0.0-20220622213112-05595931fe9d/go.mod h1:IxCIyHEi3zRg3s0A5j5BB6A9Jmi73HwBIUl50j+osU4=
golang.org/x/crypto v0.56.0 h1:GUh5Ii4J5jtcseSMiRqr1jXCNHoxjeV9Fmekc2oLy6Y=
golang.org/x/crypto v0.56.0/go.mod h1:OMW5y6CY9l38uPLmxU6l6pwcXp1obtLo3e6gT7gQR2I=
golang.org/x/exp v0.0.0-20260410095643-746e56fc9e2f h1:W3F4c+6OLc6H2lb//N1q4WpJkhzJCK5J6kUi1NTVXfM=
golang.org/x/exp v0.0.0-20260410095643-746e56fc9e2f/go.mod h1:J1xhfL/vlindoeF/aINzNzt2Bket5bjo9sdOYzOsU80=
golang.org/x/exp/typeparams v0.0.0-20220428152302-39d4317da171/go.mod h1:AbB0pIl9nAr9wVwH+Z2ZpaocVmF5I4GyWCDIsVjR0bk=
golang.org/x/exp/typeparams v0.0.0-20230203172020-98cc5a0785f9/go.mod h1:AbB0pIl9nAr9wVwH+Z2ZpaocVmF5I4GyWCDIsVjR0bk=
golang.org/x/exp/typeparams v0.0.0-20251023183803-a4bb9ffd2546 h1:HDjDiATsGqvuqvkDvgJjD1IgPrVekcSXVVE21JwvzGE=
golang.org/x/exp/typeparams v0.0.0-20251023183803-a4bb9ffd2546/go.mod h1:4Mzdyp/6jzw9auFDJ3OMF5qksa7UvPnzKqTVGcb04ms=
golang.org/x/mod v0.40.0 h1:hUv+3cXcdRHz08UmSiOob7sadHig73uo5bkXxQ/tvUs=
golang.org/x/mod v0.40.0/go.mod h1:0/weTWkPWGBikyTWAX3dkjVztMmBA5hM0DH6BElSupE=
golang.org/x/net v0.0.0-20211112202133-69e39bad7dc2/go.mod h1:9nx3DQGgdP8bBQD5qxJ1jj9UTztislL4KSBs9R2vV5Y=
golang.org/x/net v0.58.0 h1:ynWG7rqYi4ccpTEuPZ2QGWHktVEM9DMCj9yzDE0Q7To=
golang.org/x/net v0.58.0/go.mod h1:YwCddHnFlT7eLQqVprV19OnhLGtc5xOKgE0RyqgfWAU=
golang.org/x/sync v0.22.0 h1:SZjpbeLmrCk4xhRSZFNZW5gFUeCeFgjekvI/+gfScek=
golang.org/x/sync v0.22.0/go.mod h1:9xrNwdLfx4jkKbNva9FpL6vEN7evnE43NNNJQ2LF3+0=
golang.org/x/sys v0.0.0-20191026070338-33540a1f6037/go.mod h1:h1NjWce9XRLGQEsW7wpKNCjG9DtNlClVuFLEZdDNbEs=
golang.org/x/sys v0.0.0-20201119102817-f84b799fce68/go.mod h1:h1NjWce9XRLGQEsW7wpKNCjG9DtNlClVuFLEZdDNbEs=
golang.org/x/sys v0.0.0-20210124154548-22da62e12c0c/go.mod h1:h1NjWce9XRLGQEsW7wpKNCjG9DtNlClVuFLEZdDNbEs=
golang.org/x/sys v0.0.0-20210423082822-04245dca01da/go.mod h1:h1NjWce9XRLGQEsW7wpKNCjG9DtNlClVuFLEZdDNbEs=
golang.org/x/sys v0.0.0-20210615035016-665e8c7367d1/go.mod h1:oPkhp1MJrh7nUepCBck5+mAzfO9JrbApNNgaTdGDITg=
golang.org/x/sys v0.0.0-20220715151400-c0bba94af5f8/go.mod h1:oPkhp1MJrh7nUepCBck5+mAzfO9JrbApNNgaTdGDITg=
golang.org/x/sys v0.6.0/go.mod h1:oPkhp1MJrh7nUepCBck5+mAzfO9JrbApNNgaTdGDITg=
golang.org/x/sys v0.47.0 h1:o7XGOvZQCADBQQ4Y7VNq2dRWQR7JmOUW8Kxx4ZsNgWs=
golang.org/x/sys v0.47.0/go.mod h1:4GL1E5IUh+htKOUEOaiffhrAeqysfVGipDYzABqnCmw=
golang.org/x/telemetry v0.0.0-20260811182544-a038080d80e5 h1:ZUSxONxc981v7AW7QUg+I9WwZzSTTJ019ENBYr5pV/Q=
golang.org/x/telemetry v0.0.0-20260811182544-a038080d80e5/go.mod h1:LVehoXe41cL5SCVQilsV7Gg6BNG+Js6P9PhSbYTIUkQ=
golang.org/x/term v0.0.0-20201126162022-7de9c90e9dd1/go.mod h1:bj7SfCRtBDWHUb9snDiAeCFNEtKQo2Wmx5Cou7ajbmo=
golang.org/x/term v0.45.0 h1:NwWyBmoJCbfTHpxrWoZ9C6/VxOf7ic219I8xZZFdrf0=
golang.org/x/term v0.45.0/go.mod h1:9aqxs0blBcrm/n0L9QW0aRVD+ktan8ssZromtqJC43w=
golang.org/x/text v0.3.6/go.mod h1:5Zoc/QRtKVWzQhOtBMvqHzDpF6irO9z98xDceosuGiQ=
golang.org/x/text v0.41.0 h1:vz/seA0lnX87Othu2f/0L24RcgrXD9/YFTSuGjj3rH8=
golang.org/x/text v0.41.0/go.mod h1:jvf1O8ajNzZqhSrQBPbutR/EB83Cc0CFrezNQIwbb5M=
golang.org/x/tools v0.0.0-20180917221912-90fa682c2a6e/go.mod h1:n7NCudcB/nEzxVGmLbDWY5pfWTLqBcC2KZ6jyYvM4mQ=
golang.org/x/tools v0.49.0 h1:3NI7VXzL9+1WZD52Dx2ttoPwD5DWrFGpl9mFZDlmisI=
golang.org/x/tools v0.49.0/go.mod h1:SJNXV9DBKT0UbdttsQjbfJlAE/q+y36++zo3uL3N0Oo=
golang.org/x/tools/go/expect v0.1.1-deprecated h1:jpBZDwmgPhXsKZC6WhL20P4b/wmnpsEAGHaNy0n/rJM=
golang.org/x/tools/go/expect v0.1.1-deprecated/go.mod h1:eihoPOH+FgIqa3FpoTwguz/bVUSGBlGQU67vpBeOrBY=
golang.org/x/tools/go/packages/packagestest v0.1.1-deprecated h1:1h2MnaIAIXISqTFKdENegdpAgUXz6NrPEsbIeWaBRvM=
golang.org/x/tools/go/packages/packagestest v0.1.1-deprecated/go.mod h1:RVAQXBGNv1ib0J382/DPCRS/BPnsGebyM1Gj5VSDpG8=
golang.org/x/vuln v1.7.0 h1:4MQBuhmXbz2uepNJrf3v+aaZLGDqw1JluwYboegA1qg=
golang.org/x/vuln v1.7.0/go.mod h1:Xw7zvU3e1bsCYYBXu+w4wcn2Kgn27f34WBCTw8LL5Us=
google.golang.org/protobuf v1.36.11 h1:fV6ZwhNocDyBLK0dj+fg8ektcVegBBuEolpbTQyBNVE=
google.golang.org/protobuf v1.36.11/go.mod h1:HTf+CrKn2C3g5S8VImy6tdcUvCska2kB7j23XfzDpco=
gopkg.in/check.v1 v0.0.0-20161208181325-20d25e280405/go.mod h1:Co6ibVJAznAaIkqp8huTwlJQCZ016jof/cbN4VW5Yz0=
gopkg.in/check.v1 v1.0.0-20190902080502-41f04d3bba15/go.mod h1:Co6ibVJAznAaIkqp8huTwlJQCZ016jof/cbN4VW5Yz0=
gopkg.in/check.v1 v1.0.0-20201130134442-10cb98267c6c h1:Hei/4ADfdWqJk1ZMxUNpqntNwaWcugrBjAiHlqqRiVk=
gopkg.in/check.v1 v1.0.0-20201130134442-10cb98267c6c/go.mod h1:JHkPIbrfpd72SG/EVd6muEfDQjcINNoR0C8j2r3qZ4Q=
gopkg.in/ini.v1 v1.67.0 h1:Dgnx+6+nfE+IfzjUEISNeydPJh9AXNNsWbGP9KzCsOA=
gopkg.in/ini.v1 v1.67.0/go.mod h1:pNLf8WUiyNEtQjuu5G5vTm06TEv9tsIgeAvK8hOrP4k=
gopkg.in/warnings.v0 v0.1.2 h1:wFXVbFY8DY5/xOe1ECiWdKCzZlxgshcYVNkBHstARME=
gopkg.in/warnings.v0 v0.1.2/go.mod h1:jksf8JmL6Qr/oQM2OXTHunEvvTAsrWBLb6OOjuVWRNI=
gopkg.in/yaml.v2 v2.2.2/go.mod h1:hI93XBmqTisBFMUTm0b8Fm+jr3Dg1NNxqwp+5A1VGuI=
gopkg.in/yaml.v2 v2.4.0 h1:D8xgwECY7CYvx+Y2n4sBz93Jn9JRvxdiyyo8CTfuKaY=
gopkg.in/yaml.v2 v2.4.0/go.mod h1:RDklbk79AGWmwhnvt/jBztapEOGDOx6ZbXqjP6csGnQ=
gopkg.in/yaml.v3 v3.0.0-20200313102051-9f266ea9e77c/go.mod h1:K4uyk7z7BCEPqu6E+C64Yfv1cQ7kz7rIZviUmN+EgEM=
gopkg.in/yaml.v3 v3.0.1 h1:fxVm/GzAzEWqLHuvctI91KS9hhNmmWOoWu0XTYJS7CA=
gopkg.in/yaml.v3 v3.0.1/go.mod h1:K4uyk7z7BCEPqu6E+C64Yfv1cQ7kz7rIZviUmN+EgEM=
gotest.tools/v3 v3.5.2 h1:7koQfIKdy+I8UTetycgUqXWSDwpgv193Ka+qRsmBY8Q=
gotest.tools/v3 v3.5.2/go.mod h1:LtdLGcnqToBH83WByAAi/wiwSFCArdFIUV/xxN4pcjA=
honnef.co/go/tools v0.8.1 h1:+JKf3xJ1ni4CwrhVg4/pqsfPGP6vNAXcKbMXJodYx3w=
honnef.co/go/tools v0.8.1/go.mod h1:XA+OnlRA9EDh/ukGvXMNSZNKGwFQJ+5dER0ioUkOxks=
mvdan.cc/unparam v0.0.0-20260808223834-a64391f2ca86 h1:OnCS0kp0KwhIGAsy765PjCo6aTV8HffW8vetqLjhQ6M=
mvdan.cc/unparam v0.0.0-20260808223834-a64391f2ca86/go.mod h1:62roFV3D3nYOWIXv3PfGO4UYEKAotz2WgLywT87ONd8=
